
Microsoft Visual Studio Solution File, Format Version 12.00
# Visual Studio Version 17
VisualStudioVersion = 17.10.35027.167
MinimumVisualStudioVersion = 10.0.40219.1
Project("{FAE04EC0-301F-11D3-BF4B-00C04F79EFBC}") = "hwashu_ai", "hwashu_ai.csproj", "{D0A72F45-93E8-4678-A95C-8A808B1610EC}"
EndProject
Global
	GlobalSection(SolutionConfigurationPlatforms) = preSolution
		Debug|Any CPU = Debug|Any CPU
		Release|Any CPU = Release|Any CPU
	EndGlobalSection
	GlobalSection(ProjectConfigurationPlatforms) = postSolution
		{D0A72F45-93E8-4678-A95C-8A808B1610EC}.Debug|Any CPU.ActiveCfg = Debug|Any CPU
		{D0A72F45-93E8-4678-A95C-8A808B1610EC}.Debug|Any CPU.Build.0 = Debug|Any CPU
		{D0A72F45-93E8-4678-A95C-8A808B1610EC}.Release|Any CPU.ActiveCfg = Release|Any CPU
		{D0A72F45-93E8-4678-A95C-8A808B1610EC}.Release|Any CPU.Build.0 = Release|Any CPU
	EndGlobalSection
	GlobalSection(SolutionProperties) = preSolution
		HideSolutionNode = FALSE
	EndGlobalSection
	GlobalSection(ExtensibilityGlobals) = postSolution
		SolutionGuid = {C9785D05-67D5-49A6-BBE6-E2F8665E0C75}
	EndGlobalSection
EndGlobal
